
Microsoft Visual Studio Solution File, Format Version 12.00
# Visual Studio Version 16
VisualStudioVersion = 16.0.33801.447
MinimumVisualStudioVersion = 10.0.40219.1
Project("{FAE04EC0-301F-11D3-BF4B-00C04F79EFBC}") = "Sistema de ventas", "Sistema de ventas\Sistema de ventas.csproj", "{2A4E9153-D010-46C9-A0BC-FA99FB98A3A9}"
EndProject
Project("{FAE04EC0-301F-11D3-BF4B-00C04F79EFBC}") = "LibreriaDLL", "Sistema de ventas\LibreriaDLL\LibreriaDLL.csproj", "{2D158056-5664-4F24-A818-CA446FF76E1B}"
EndProject
Project("{54435603-DBB4-11D2-8724-00A0C9A8B90C}") = "Sistema ventas", "Sistema ventas\Sistema ventas.vdproj", "{D87A7EDB-2B1B-4A27-8A8B-19125C5A67FC}"
EndProject
Global
	GlobalSection(SolutionConfigurationPlatforms) = preSolution
		Debug|Any CPU = Debug|Any CPU
		Release|Any CPU = Release|Any CPU
	EndGlobalSection
	GlobalSection(ProjectConfigurationPlatforms) = postSolution
		{2A4E9153-D010-46C9-A0BC-FA99FB98A3A9}.Debug|Any CPU.ActiveCfg = Debug|Any CPU
		{2A4E9153-D010-46C9-A0BC-FA99FB98A3A9}.Debug|Any CPU.Build.0 = Debug|Any CPU
		{2A4E9153-D010-46C9-A0BC-FA99FB98A3A9}.Release|Any CPU.ActiveCfg = Release|Any CPU
		{2A4E9153-D010-46C9-A0BC-FA99FB98A3A9}.Release|Any CPU.Build.0 = Release|Any CPU
		{2D158056-5664-4F24-A818-CA446FF76E1B}.Debug|Any CPU.ActiveCfg = Debug|Any CPU
		{2D158056-5664-4F24-A818-CA446FF76E1B}.Debug|Any CPU.Build.0 = Debug|Any CPU
		{2D158056-5664-4F24-A818-CA446FF76E1B}.Release|Any CPU.ActiveCfg = Release|Any CPU
		{2D158056-5664-4F24-A818-CA446FF76E1B}.Release|Any CPU.Build.0 = Release|Any CPU
		{D87A7EDB-2B1B-4A27-8A8B-19125C5A67FC}.Debug|Any CPU.ActiveCfg = Debug
		{D87A7EDB-2B1B-4A27-8A8B-19125C5A67FC}.Release|Any CPU.ActiveCfg = Release
	EndGlobalSection
	GlobalSection(SolutionProperties) = preSolution
		HideSolutionNode = FALSE
	EndGlobalSection
	GlobalSection(ExtensibilityGlobals) = postSolution
		SolutionGuid = {008BA830-9665-469D-A811-3C43023F82C5}
	EndGlobalSection
EndGlobal
